// !$*UTF8*$!
{
	archiveVersion = 1;
	classes = {
	};
	objectVersion = 52;
	objects = {

/* Begin PBXBuildFile section */
		0742CB5A285EC06B004EB163 /* HomeViewController.swift in Sources */ = {isa = PBXBuildFile; fileRef = 0742CB59285EC06B004EB163 /* HomeViewController.swift */; };
		0782FD1E285A69F30074A233 /* AppDelegate.swift in Sources */ = {isa = PBXBuildFile; fileRef = 0782FD1D285A69F30074A233 /* AppDelegate.swift */; };
		0782FD20285A69F30074A233 /* SceneDelegate.swift in Sources */ = {isa = PBXBuildFile; fileRef = 0782FD1F285A69F30074A233 /* SceneDelegate.swift */; };
		0782FD25285A69F30074A233 /* Main.storyboard in Resources */ = {isa = PBXBuildFile; fileRef = 0782FD23285A69F30074A233 /* Main.storyboard */; };
		0782FD27285A69F60074A233 /* Assets.xcassets in Resources */ = {isa = PBXBuildFile; fileRef = 0782FD26285A69F60074A233 /* Assets.xcassets */; };
		0782FD2A285A69F60074A233 /* LaunchScreen.storyboard in Resources */ = {isa = PBXBuildFile; fileRef = 0782FD28285A69F60074A233 /* LaunchScreen.storyboard */; };
		07B8C04B285EAB0B00500E3A /* GoogleService-Info.plist in Resources */ = {isa = PBXBuildFile; fileRef = 07B8C04A285EAB0B00500E3A /* GoogleService-Info.plist */; };
		07CA5C3E285CF32100D2D19F /* LoginViewController.swift in Sources */ = {isa = PBXBuildFile; fileRef = 07CA5C3D285CF32100D2D19F /* LoginViewController.swift */; };
		07CA5C42285D084F00D2D19F /* RecoverViewController.swift in Sources */ = {isa = PBXBuildFile; fileRef = 07CA5C41285D084F00D2D19F /* RecoverViewController.swift */; };
		07CA5C45285D0C5B00D2D19F /* RegisterViewController.swift in Sources */ = {isa = PBXBuildFile; fileRef = 07CA5C44285D0C5B00D2D19F /* RegisterViewController.swift */; };
		07CA5C48285D0D5200D2D19F /* Recover.storyboard in Resources */ = {isa = PBXBuildFile; fileRef = 07CA5C47285D0D5200D2D19F /* Recover.storyboard */; };
		07CA5C4C285D0FC100D2D19F /* Register.storyboard in Resources */ = {isa = PBXBuildFile; fileRef = 07CA5C4B285D0FC100D2D19F /* Register.storyboard */; };
		07F894F6285F7BA800FDD3A8 /* HomeViewController.xib in Resources */ = {isa = PBXBuildFile; fileRef = 07F894F5285F7BA800FDD3A8 /* HomeViewController.xib */; };
		7BB8D59B285FF956004211CC /* FirebaseAuth in Frameworks */ = {isa = PBXBuildFile; productRef = 7BB8D59A285FF956004211CC /* FirebaseAuth */; };
/* End PBXBuildFile section */

/* Begin PBXFileReference section */
		0742CB59285EC06B004EB163 /* HomeViewController.swift */ = {isa = PBXFileReference; lastKnownFileType = sourcecode.swift; path = HomeViewController.swift; sourceTree = "<group>"; };
		0782FD1A285A69F30074A233 /* EP3-Imperium.app */ = {isa = PBXFileReference; explicitFileType = wrapper.application; includeInIndex = 0; path = "EP3-Imperium.app"; sourceTree = BUILT_PRODUCTS_DIR; };
		0782FD1D285A69F30074A233 /* AppDelegate.swift */ = {isa = PBXFileReference; lastKnownFileType = sourcecode.swift; path = AppDelegate.swift; sourceTree = "<group>"; };
		0782FD1F285A69F30074A233 /* SceneDelegate.swift */ = {isa = PBXFileReference; lastKnownFileType = sourcecode.swift; path = SceneDelegate.swift; sourceTree = "<group>"; };
		0782FD24285A69F30074A233 /* Base */ = {isa = PBXFileReference; lastKnownFileType = file.storyboard; name = Base; path = Base.lproj/Main.storyboard; sourceTree = "<group>"; };
		0782FD26285A69F60074A233 /* Assets.xcassets */ = {isa = PBXFileReference; lastKnownFileType = folder.assetcatalog; path = Assets.xcassets; sourceTree = "<group>"; };
		0782FD29285A69F60074A233 /* Base */ = {isa = PBXFileReference; lastKnownFileType = file.storyboard; name = Base; path = Base.lproj/LaunchScreen.storyboard; sourceTree = "<group>"; };
		0782FD2B285A69F60074A233 /* Info.plist */ = {isa = PBXFileReference; lastKnownFileType = text.plist.xml; path = Info.plist; sourceTree = "<group>"; };
		07B8C04A285EAB0B00500E3A /* GoogleService-Info.plist */ = {isa = PBXFileReference; fileEncoding = 4; lastKnownFileType = text.plist.xml; path = "GoogleService-Info.plist"; sourceTree = "<group>"; };
		07CA5C3D285CF32100D2D19F /* LoginViewController.swift */ = {isa = PBXFileReference; lastKnownFileType = sourcecode.swift; path = LoginViewController.swift; sourceTree = "<group>"; };
		07CA5C41285D084F00D2D19F /* RecoverViewController.swift */ = {isa = PBXFileReference; lastKnownFileType = sourcecode.swift; path = RecoverViewController.swift; sourceTree = "<group>"; };
		07CA5C44285D0C5B00D2D19F /* RegisterViewController.swift */ = {isa = PBXFileReference; lastKnownFileType = sourcecode.swift; path = RegisterViewController.swift; sourceTree = "<group>"; };
		07CA5C47285D0D5200D2D19F /* Recover.storyboard */ = {isa = PBXFileReference; lastKnownFileType = file.storyboard; path = Recover.storyboard; sourceTree = "<group>"; };
		07CA5C4B285D0FC100D2D19F /* Register.storyboard */ = {isa = PBXFileReference; lastKnownFileType = file.storyboard; path = Register.storyboard; sourceTree = "<group>"; };
		07F894F5285F7BA800FDD3A8 /* HomeViewController.xib */ = {isa = PBXFileReference; lastKnownFileType = file.xib; path = HomeViewController.xib; sourceTree = "<group>"; };
/* End PBXFileReference section */

/* Begin PBXFrameworksBuildPhase section */
		0782FD17285A69F30074A233 /* Frameworks */ = {
			isa = PBXFrameworksBuildPhase;
			buildActionMask = 2147483647;
			files = (
				7BB8D59B285FF956004211CC /* FirebaseAuth in Frameworks */,
			);
			runOnlyForDeploymentPostprocessing = 0;
		};
/* End PBXFrameworksBuildPhase section */

/* Begin PBXGroup section */
		0782FD11285A69F30074A233 = {
			isa = PBXGroup;
			children = (
				0782FD1C285A69F30074A233 /* EP3-Imperium */,
				0782FD1B285A69F30074A233 /* Products */,
			);
			sourceTree = "<group>";
		};
		0782FD1B285A69F30074A233 /* Products */ = {
			isa = PBXGroup;
			children = (
				0782FD1A285A69F30074A233 /* EP3-Imperium.app */,
			);
			name = Products;
			sourceTree = "<group>";
		};
		0782FD1C285A69F30074A233 /* EP3-Imperium */ = {
			isa = PBXGroup;
			children = (
				0782FD1D285A69F30074A233 /* AppDelegate.swift */,
				0782FD1F285A69F30074A233 /* SceneDelegate.swift */,
				0782FD23285A69F30074A233 /* Main.storyboard */,
				07CA5C47285D0D5200D2D19F /* Recover.storyboard */,
				07CA5C4B285D0FC100D2D19F /* Register.storyboard */,
				07F894F5285F7BA800FDD3A8 /* HomeViewController.xib */,
				0782FD26285A69F60074A233 /* Assets.xcassets */,
				0782FD28285A69F60074A233 /* LaunchScreen.storyboard */,
				0782FD2B285A69F60074A233 /* Info.plist */,
				07CA5C3D285CF32100D2D19F /* LoginViewController.swift */,
				07CA5C41285D084F00D2D19F /* RecoverViewController.swift */,
				07CA5C44285D0C5B00D2D19F /* RegisterViewController.swift */,
				0742CB59285EC06B004EB163 /* HomeViewController.swift */,
				07B8C04A285EAB0B00500E3A /* GoogleService-Info.plist */,
			);
			path = "EP3-Imperium";
			sourceTree = "<group>";
		};
/* End PBXGroup section */

/* Begin PBXNativeTarget section */
		0782FD19285A69F30074A233 /* EP3-Imperium */ = {
			isa = PBXNativeTarget;
			buildConfigurationList = 0782FD2E285A69F60074A233 /* Build configuration list for PBXNativeTarget "EP3-Imperium" */;
			buildPhases = (
				0782FD16285A69F30074A233 /* Sources */,
				0782FD17285A69F30074A233 /* Frameworks */,
				0782FD18285A69F30074A233 /* Resources */,
			);
			buildRules = (
			);
			dependencies = (
			);
			name = "EP3-Imperium";
			packageProductDependencies = (
				7BB8D59A285FF956004211CC /* FirebaseAuth */,
			);
			productName = "EP3-Imperium";
			productReference = 0782FD1A285A69F30074A233 /* EP3-Imperium.app */;
			productType = "com.apple.product-type.application";
		};
/* End PBXNativeTarget section */

/* Begin PBXProject section */
		0782FD12285A69F30074A233 /* Project object */ = {
			isa = PBXProject;
			attributes = {
				LastSwiftUpdateCheck = 1240;
				LastUpgradeCheck = 1240;
				TargetAttributes = {
					0782FD19285A69F30074A233 = {
						CreatedOnToolsVersion = 12.4;
					};
				};
			};
			buildConfigurationList = 0782FD15285A69F30074A233 /* Build configuration list for PBXProject "EP3-Imperium" */;
			compatibilityVersion = "Xcode 9.3";
			developmentRegion = en;
			hasScannedForEncodings = 0;
			knownRegions = (
				en,
				Base,
			);
			mainGroup = 0782FD11285A69F30074A233;
			packageReferences = (
				7BB8D599285FF956004211CC /* XCRemoteSwiftPackageReference "firebase-ios-sdk" */,
			);
			productRefGroup = 0782FD1B285A69F30074A233 /* Products */;
			projectDirPath = "";
			projectRoot = "";
			targets = (
				0782FD19285A69F30074A233 /* EP3-Imperium */,
			);
		};
/* End PBXProject section */

/* Begin PBXResourcesBuildPhase section */
		0782FD18285A69F30074A233 /* Resources */ = {
			isa = PBXResourcesBuildPhase;
			buildActionMask = 2147483647;
			files = (
				0782FD2A285A69F60074A233 /* LaunchScreen.storyboard in Resources */,
				0782FD27285A69F60074A233 /* Assets.xcassets in Resources */,
				0782FD25285A69F30074A233 /* Main.storyboard in Resources */,
				07CA5C48285D0D5200D2D19F /* Recover.storyboard in Resources */,
				07CA5C4C285D0FC100D2D19F /* Register.storyboard in Resources */,
				07F894F6285F7BA800FDD3A8 /* HomeViewController.xib in Resources */,
				07B8C04B285EAB0B00500E3A /* GoogleService-Info.plist in Resources */,
			);
			runOnlyForDeploymentPostprocessing = 0;
		};
/* End PBXResourcesBuildPhase section */

/* Begin PBXSourcesBuildPhase section */
		0782FD16285A69F30074A233 /* Sources */ = {
			isa = PBXSourcesBuildPhase;
			buildActionMask = 2147483647;
			files = (
				07CA5C3E285CF32100D2D19F /* LoginViewController.swift in Sources */,
				07CA5C45285D0C5B00D2D19F /* RegisterViewController.swift in Sources */,
				0782FD1E285A69F30074A233 /* AppDelegate.swift in Sources */,
				0782FD20285A69F30074A233 /* SceneDelegate.swift in Sources */,
				07CA5C42285D084F00D2D19F /* RecoverViewController.swift in Sources */,
				0742CB5A285EC06B004EB163 /* HomeViewController.swift in Sources */,
			);
			runOnlyForDeploymentPostprocessing = 0;
		};
/* End PBXSourcesBuildPhase section */

/* Begin PBXVariantGroup section */
		0782FD23285A69F30074A233 /* Main.storyboard */ = {
			isa = PBXVariantGroup;
			children = (
				0782FD24285A69F30074A233 /* Base */,
			);
			name = Main.storyboard;
			sourceTree = "<group>";
		};
		0782FD28285A69F60074A233 /* LaunchScreen.storyboard */ = {
			isa = PBXVariantGroup;
			children = (
				0782FD29285A69F60074A233 /* Base */,
			);
			name = LaunchScreen.storyboard;
			sourceTree = "<group>";
		};
/* End PBXVariantGroup section */

/* Begin XCBuildConfiguration section */
		0782FD2C285A69F60074A233 /* Debug */ = {
			isa = XCBuildConfiguration;
			buildSettings = {
				ALWAYS_SEARCH_USER_PATHS = NO;
				CLANG_ANALYZER_NONNULL = YES;
				CLANG_ANALYZER_NUMBER_OBJECT_CONVERSION = YES_AGGRESSIVE;
				CLANG_CXX_LANGUAGE_STANDARD = "gnu++14";
				CLANG_CXX_LIBRARY = "libc++";
				CLANG_ENABLE_MODULES = YES;
				CLANG_ENABLE_OBJC_ARC = YES;
				CLANG_ENABLE_OBJC_WEAK = YES;
				CLANG_WARN_BLOCK_CAPTURE_AUTORELEASING = YES;
				CLANG_WARN_BOOL_CONVERSION = YES;
				CLANG_WARN_COMMA = YES;
				CLANG_WARN_CONSTANT_CONVERSION = YES;
				CLANG_WARN_DEPRECATED_OBJC_IMPLEMENTATIONS = YES;
				CLANG_WARN_DIRECT_OBJC_ISA_USAGE = YES_ERROR;
				CLANG_WARN_DOCUMENTATION_COMMENTS = YES;
				CLANG_WARN_EMPTY_BODY = YES;
				CLANG_WARN_ENUM_CONVERSION = YES;
				CLANG_WARN_INFINITE_RECURSION = YES;
				CLANG_WARN_INT_CONVERSION = YES;
				CLANG_WARN_NON_LITERAL_NULL_CONVERSION = YES;
				CLANG_WARN_OBJC_IMPLICIT_RETAIN_SELF = YES;
				CLANG_WARN_OBJC_LITERAL_CONVERSION = YES;
				CLANG_WARN_OBJC_ROOT_CLASS = YES_ERROR;
				CLANG_WARN_QUOTED_INCLUDE_IN_FRAMEWORK_HEADER = YES;
				CLANG_WARN_RANGE_LOOP_ANALYSIS = YES;
				CLANG_WARN_STRICT_PROTOTYPES = YES;
				CLANG_WARN_SUSPICIOUS_MOVE = YES;
				CLANG_WARN_UNGUARDED_AVAILABILITY = YES_AGGRESSIVE;
				CLANG_WARN_UNREACHABLE_CODE = YES;
				CLANG_WARN__DUPLICATE_METHOD_MATCH = YES;
				COPY_PHASE_STRIP = NO;
				DEBUG_INFORMATION_FORMAT = dwarf;
				ENABLE_STRICT_OBJC_MSGSEND = YES;
				ENABLE_TESTABILITY = YES;
				GCC_C_LANGUAGE_STANDARD = gnu11;
				GCC_DYNAMIC_NO_PIC = NO;
				GCC_NO_COMMON_BLOCKS = YES;
				GCC_OPTIMIZATION_LEVEL = 0;
				GCC_PREPROCESSOR_DEFINITIONS = (
					"DEBUG=1",
					"$(inherited)",
				);
				GCC_WARN_64_TO_32_BIT_CONVERSION = YES;
				GCC_WARN_ABOUT_RETURN_TYPE = YES_ERROR;
				GCC_WARN_UNDECLARED_SELECTOR = YES;
				GCC_WARN_UNINITIALIZED_AUTOS = YES_AGGRESSIVE;
				GCC_WARN_UNUSED_FUNCTION = YES;
				GCC_WARN_UNUSED_VARIABLE = YES;
				IPHONEOS_DEPLOYMENT_TARGET = 14.4;
				MTL_ENABLE_DEBUG_INFO = INCLUDE_SOURCE;
				MTL_FAST_MATH = YES;
				ONLY_ACTIVE_ARCH = YES;
				SDKROOT = iphoneos;
				SWIFT_ACTIVE_COMPILATION_CONDITIONS = DEBUG;
				SWIFT_OPTIMIZATION_LEVEL = "-Onone";
			};
			name = Debug;
		};
		0782FD2D285A69F60074A233 /* Release */ = {
			isa = XCBuildConfiguration;
			buildSettings = {
				ALWAYS_SEARCH_USER_PATHS = NO;
				CLANG_ANALYZER_NONNULL = YES;
				CLANG_ANALYZER_NUMBER_OBJECT_CONVERSION = YES_AGGRESSIVE;
				CLANG_CXX_LANGUAGE_STANDARD = "gnu++14";
				CLANG_CXX_LIBRARY = "libc++";
				CLANG_ENABLE_MODULES = YES;
				CLANG_ENABLE_OBJC_ARC = YES;
				CLANG_ENABLE_OBJC_WEAK = YES;
				CLANG_WARN_BLOCK_CAPTURE_AUTORELEASING = YES;
				CLANG_WARN_BOOL_CONVERSION = YES;
				CLANG_WARN_COMMA = YES;
				CLANG_WARN_CONSTANT_CONVERSION = YES;
				CLANG_WARN_DEPRECATED_OBJC_IMPLEMENTATIONS = YES;
				CLANG_WARN_DIRECT_OBJC_ISA_USAGE = YES_ERROR;
				CLANG_WARN_DOCUMENTATION_COMMENTS = YES;
				CLANG_WARN_EMPTY_BODY = YES;
				CLANG_WARN_ENUM_CONVERSION = YES;
				CLANG_WARN_INFINITE_RECURSION = YES;
				CLANG_WARN_INT_CONVERSION = YES;
				CLANG_WARN_NON_LITERAL_NULL_CONVERSION = YES;
				CLANG_WARN_OBJC_IMPLICIT_RETAIN_SELF = YES;
				CLANG_WARN_OBJC_LITERAL_CONVERSION = YES;
				CLANG_WARN_OBJC_ROOT_CLASS = YES_ERROR;
				CLANG_WARN_QUOTED_INCLUDE_IN_FRAMEWORK_HEADER = YES;
				CLANG_WARN_RANGE_LOOP_ANALYSIS = YES;
				CLANG_WARN_STRICT_PROTOTYPES = YES;
				CLANG_WARN_SUSPICIOUS_MOVE = YES;
				CLANG_WARN_UNGUARDED_AVAILABILITY = YES_AGGRESSIVE;
				CLANG_WARN_UNREACHABLE_CODE = YES;
				CLANG_WARN__DUPLICATE_METHOD_MATCH = YES;
				COPY_PHASE_STRIP = NO;
				DEBUG_INFORMATION_FORMAT = "dwarf-with-dsym";
				ENABLE_NS_ASSERTIONS = NO;
				ENABLE_STRICT_OBJC_MSGSEND = YES;
				GCC_C_LANGUAGE_STANDARD = gnu11;
				GCC_NO_COMMON_BLOCKS = YES;
				GCC_WARN_64_TO_32_BIT_CONVERSION = YES;
				GCC_WARN_ABOUT_RETURN_TYPE = YES_ERROR;
				GCC_WARN_UNDECLARED_SELECTOR = YES;
				GCC_WARN_UNINITIALIZED_AUTOS = YES_AGGRESSIVE;
				GCC_WARN_UNUSED_FUNCTION = YES;
				GCC_WARN_UNUSED_VARIABLE = YES;
				IPHONEOS_DEPLOYMENT_TARGET = 14.4;
				MTL_ENABLE_DEBUG_INFO = NO;
				MTL_FAST_MATH = YES;
				SDKROOT = iphoneos;
				SWIFT_COMPILATION_MODE = wholemodule;
				SWIFT_OPTIMIZATION_LEVEL = "-O";
				VALIDATE_PRODUCT = YES;
			};
			name = Release;
		};
		0782FD2F285A69F60074A233 /* Debug */ = {
			isa = XCBuildConfiguration;
			buildSettings = {
				ASSETCATALOG_COMPILER_APPICON_NAME = AppIcon;
				ASSETCATALOG_COMPILER_GLOBAL_ACCENT_COLOR_NAME = AccentColor;
				CODE_SIGN_STYLE = Automatic;
				DEVELOPMENT_TEAM = LPKWKZ9228;
				INFOPLIST_FILE = "EP3-Imperium/Info.plist";
				LD_RUNPATH_SEARCH_PATHS = (
					"$(inherited)",
					"@executable_path/Frameworks",
				);
				PRODUCT_BUNDLE_IDENTIFIER = "com.isil.EP3-Imperium";
				PRODUCT_NAME = "$(TARGET_NAME)";
				SWIFT_VERSION = 5.0;
				TARGETED_DEVICE_FAMILY = "1,2";
			};
			name = Debug;
		};
		0782FD30285A69F60074A233 /* Release */ = {
			isa = XCBuildConfiguration;
			buildSettings = {
				ASSETCATALOG_COMPILER_APPICON_NAME = AppIcon;
				ASSETCATALOG_COMPILER_GLOBAL_ACCENT_COLOR_NAME = AccentColor;
				CODE_SIGN_STYLE = Automatic;
				DEVELOPMENT_TEAM = LPKWKZ9228;
				INFOPLIST_FILE = "EP3-Imperium/Info.plist";
				LD_RUNPATH_SEARCH_PATHS = (
					"$(inherited)",
					"@executable_path/Frameworks",
				);
				PRODUCT_BUNDLE_IDENTIFIER = "com.isil.EP3-Imperium";
				PRODUCT_NAME = "$(TARGET_NAME)";
				SWIFT_VERSION = 5.0;
				TARGETED_DEVICE_FAMILY = "1,2";
			};
			name = Release;
		};
/* End XCBuildConfiguration section */

/* Begin XCConfigurationList section */
		0782FD15285A69F30074A233 /* Build configuration list for PBXProject "EP3-Imperium" */ = {
			isa = XCConfigurationList;
			buildConfigurations = (
				0782FD2C285A69F60074A233 /* Debug */,
				0782FD2D285A69F60074A233 /* Release */,
			);
			defaultConfigurationIsVisible = 0;
			defaultConfigurationName = Release;
		};
		0782FD2E285A69F60074A233 /* Build configuration list for PBXNativeTarget "EP3-Imperium" */ = {
			isa = XCConfigurationList;
			buildConfigurations = (
				0782FD2F285A69F60074A233 /* Debug */,
				0782FD30285A69F60074A233 /* Release */,
			);
			defaultConfigurationIsVisible = 0;
			defaultConfigurationName = Release;
		};
/* End XCConfigurationList section */

/* Begin XCRemoteSwiftPackageReference section */
		7BB8D599285FF956004211CC /* XCRemoteSwiftPackageReference "firebase-ios-sdk" */ = {
			isa = XCRemoteSwiftPackageReference;
			repositoryURL = "https://github.com/firebase/firebase-ios-sdk.git";
			requirement = {
				kind = upToNextMajorVersion;
				minimumVersion = 9.1.0;
			};
		};
/* End XCRemoteSwiftPackageReference section */

/* Begin XCSwiftPackageProductDependency section */
		7BB8D59A285FF956004211CC /* FirebaseAuth */ = {
			isa = XCSwiftPackageProductDependency;
			package = 7BB8D599285FF956004211CC /* XCRemoteSwiftPackageReference "firebase-ios-sdk" */;
			productName = FirebaseAuth;
		};
/* End XCSwiftPackageProductDependency section */
	};
	rootObject = 0782FD12285A69F30074A233 /* Project object */;
}
